<?xml version="1.0" encoding="utf-8"?>
<Project ToolsVersion="4.0" xmlns="http://schemas.microsoft.com/developer/msbuild/2003">
  <ItemGroup>
    <Filter Include="Source Files">
      <UniqueIdentifier>{9de97ee4-b5bc-41dd-9dbc-37bb11073b9c}</UniqueIdentifier>
      <Extensions>cpp;c;cxx;def;odl;idl;hpj;bat;asm</Extensions>
    </Filter>
    <Filter Include="Header Files">
      <UniqueIdentifier>{0e1aa5d5-5d3c-4526-adf5-c5f113b3aa3e}</UniqueIdentifier>
      <Extensions>h;hpp;hxx;hm;inl;inc</Extensions>
    </Filter>
    <Filter Include="Resource Files">
      <UniqueIdentifier>{69528937-4b05-4ce1-89e3-f18a5ee3eeae}</UniqueIdentifier>
      <Extensions>rc;ico;cur;bmp;dlg;rc2;rct;bin;rgs;gif;jpg;jpeg;jpe</Extensions>
    </Filter>
  </ItemGroup>
  <ItemGroup>
    <ClCompile Include="..\src\win\DBLoader.cpp">
      <Filter>Source Files</Filter>
    </ClCompile>
  </ItemGroup>
  <ItemGroup>
    <ClInclude Include="..\inc\win\DBLoader.h">
      <Filter>Header Files</Filter>
    </ClInclude>
    <ClInclude Include="..\inc\win\error.h">
      <Filter>Header Files</Filter>
    </ClInclude>
    <ClInclude Include="..\inc\win\ODBCAccountPermissionLoad.h">
      <Filter>Header Files</Filter>
    </ClInclude>
    <ClInclude Include="..\inc\win\ODBCAddressLoad.h">
      <Filter>Header Files</Filter>
    </ClInclude>
    <ClInclude Include="..\inc\win\ODBCBrokerLoad.h">
      <Filter>Header Files</Filter>
    </ClInclude>
    <ClInclude Include="..\inc\win\ODBCCashTransactionLoad.h">
      <Filter>Header Files</Filter>
    </ClInclude>
    <ClInclude Include="..\inc\win\ODBCChargeLoad.h">
      <Filter>Header Files</Filter>
    </ClInclude>
    <ClInclude Include="..\inc\win\ODBCCommissionRateLoad.h">
      <Filter>Header Files</Filter>
    </ClInclude>
    <ClInclude Include="..\inc\win\ODBCCompanyCompetitorLoad.h">
      <Filter>Header Files</Filter>
    </ClInclude>
    <ClInclude Include="..\inc\win\ODBCCompanyLoad.h">
      <Filter>Header Files</Filter>
    </ClInclude>
    <ClInclude Include="..\inc\win\ODBCCustomerAccountLoad.h">
      <Filter>Header Files</Filter>
    </ClInclude>
    <ClInclude Include="..\inc\win\ODBCCustomerLoad.h">
      <Filter>Header Files</Filter>
    </ClInclude>
    <ClInclude Include="..\inc\win\ODBCCustomerTaxrateLoad.h">
      <Filter>Header Files</Filter>
    </ClInclude>
    <ClInclude Include="..\inc\win\ODBCDailyMarketLoad.h">
      <Filter>Header Files</Filter>
    </ClInclude>
    <ClInclude Include="..\inc\win\ODBCExchangeLoad.h">
      <Filter>Header Files</Filter>
    </ClInclude>
    <ClInclude Include="..\inc\win\ODBCFinancialLoad.h">
      <Filter>Header Files</Filter>
    </ClInclude>
    <ClInclude Include="..\inc\win\ODBCHoldingHistoryLoad.h">
      <Filter>Header Files</Filter>
    </ClInclude>
    <ClInclude Include="..\inc\win\ODBCHoldingLoad.h">
      <Filter>Header Files</Filter>
    </ClInclude>
    <ClInclude Include="..\inc\win\ODBCHoldingSummaryLoad.h">
      <Filter>Header Files</Filter>
    </ClInclude>
    <ClInclude Include="..\inc\win\ODBCIndustryLoad.h">
      <Filter>Header Files</Filter>
    </ClInclude>
    <ClInclude Include="..\inc\win\ODBCLastTradeLoad.h">
      <Filter>Header Files</Filter>
    </ClInclude>
    <ClInclude Include="..\inc\win\ODBCLoad_stdafx.h">
      <Filter>Header Files</Filter>
    </ClInclude>
    <ClInclude Include="..\inc\win\ODBCLoaderFactory.h">
      <Filter>Header Files</Filter>
    </ClInclude>
    <ClInclude Include="..\inc\win\ODBCNewsItemLoad.h">
      <Filter>Header Files</Filter>
    </ClInclude>
    <ClInclude Include="..\inc\win\ODBCNewsXRefLoad.h">
      <Filter>Header Files</Filter>
    </ClInclude>
    <ClInclude Include="..\inc\win\ODBCSectorLoad.h">
      <Filter>Header Files</Filter>
    </ClInclude>
    <ClInclude Include="..\inc\win\ODBCSecurityLoad.h">
      <Filter>Header Files</Filter>
    </ClInclude>
    <ClInclude Include="..\inc\win\ODBCSettlementLoad.h">
      <Filter>Header Files</Filter>
    </ClInclude>
    <ClInclude Include="..\inc\win\ODBCStatusTypeLoad.h">
      <Filter>Header Files</Filter>
    </ClInclude>
    <ClInclude Include="..\inc\win\ODBCTaxrateLoad.h">
      <Filter>Header Files</Filter>
    </ClInclude>
    <ClInclude Include="..\inc\win\ODBCTradeHistoryLoad.h">
      <Filter>Header Files</Filter>
    </ClInclude>
    <ClInclude Include="..\inc\win\ODBCTradeLoad.h">
      <Filter>Header Files</Filter>
    </ClInclude>
    <ClInclude Include="..\inc\win\ODBCTradeRequestLoad.h">
      <Filter>Header Files</Filter>
    </ClInclude>
    <ClInclude Include="..\inc\win\ODBCTradeTypeLoad.h">
      <Filter>Header Files</Filter>
    </ClInclude>
    <ClInclude Include="..\inc\win\ODBCWatchItemLoad.h">
      <Filter>Header Files</Filter>
    </ClInclude>
    <ClInclude Include="..\inc\win\ODBCWatchListLoad.h">
      <Filter>Header Files</Filter>
    </ClInclude>
    <ClInclude Include="..\inc\win\ODBCZipCodeLoad.h">
      <Filter>Header Files</Filter>
    </ClInclude>
  </ItemGroup>
</Project>