<?xml version="1.0" encoding="utf-8"?>
<Project ToolsVersion="4.0" xmlns="http://schemas.microsoft.com/developer/msbuild/2003">
  <ItemGroup>
    <Filter Include="Source Files">
      <UniqueIdentifier>{3aa1042a-1daa-4618-9135-0ba26eb7d070}</UniqueIdentifier>
      <Extensions>cpp;c;cxx;def;odl;idl;hpj;bat;asm</Extensions>
    </Filter>
    <Filter Include="Header Files">
      <UniqueIdentifier>{c616b379-a638-4462-82a5-89066a40a0b1}</UniqueIdentifier>
      <Extensions>h;hpp;hxx;hm;inl;inc</Extensions>
    </Filter>
    <Filter Include="Resource Files">
      <UniqueIdentifier>{ffa46daa-a097-4eba-b1ab-b5dc3e0d1ce1}</UniqueIdentifier>
      <Extensions>rc;ico;cur;bmp;dlg;rc2;rct;bin;rgs;gif;jpg;jpeg;jpe</Extensions>
    </Filter>
  </ItemGroup>
  <ItemGroup>
    <ClCompile Include="..\src\DateTime.cpp">
      <Filter>Source Files</Filter>
    </ClCompile>
    <ClCompile Include="..\src\EGenVersion.cpp">
      <Filter>Source Files</Filter>
    </ClCompile>
    <ClCompile Include="..\src\error.cpp">
      <Filter>Source Files</Filter>
    </ClCompile>
    <ClCompile Include="..\src\Money.cpp">
      <Filter>Source Files</Filter>
    </ClCompile>
    <ClCompile Include="..\src\Random.cpp">
      <Filter>Source Files</Filter>
    </ClCompile>
  </ItemGroup>
  <ItemGroup>
    <ClInclude Include="..\inc\DateTime.h">
      <Filter>Header Files</Filter>
    </ClInclude>
    <ClInclude Include="..\inc\EGenStandardTypes.h">
      <Filter>Header Files</Filter>
    </ClInclude>
    <ClInclude Include="..\inc\EGenUtilities_stdafx.h">
      <Filter>Header Files</Filter>
    </ClInclude>
    <ClInclude Include="..\inc\EGenVersion.h">
      <Filter>Header Files</Filter>
    </ClInclude>
    <ClInclude Include="..\inc\error.h">
      <Filter>Header Files</Filter>
    </ClInclude>
    <ClInclude Include="..\inc\FixedArray.h">
      <Filter>Header Files</Filter>
    </ClInclude>
    <ClInclude Include="..\inc\FixedMap.h">
      <Filter>Header Files</Filter>
    </ClInclude>
    <ClInclude Include="..\inc\MiscConsts.h">
      <Filter>Header Files</Filter>
    </ClInclude>
    <ClInclude Include="..\inc\Money.h">
      <Filter>Header Files</Filter>
    </ClInclude>
    <ClInclude Include="..\inc\Random.h">
      <Filter>Header Files</Filter>
    </ClInclude>
    <ClInclude Include="..\inc\RNGSeeds.h">
      <Filter>Header Files</Filter>
    </ClInclude>
    <ClInclude Include="..\inc\win\SyncLock.h">
      <Filter>Header Files</Filter>
    </ClInclude>
    <ClInclude Include="..\inc\TableConsts.h">
      <Filter>Header Files</Filter>
    </ClInclude>
  </ItemGroup>
</Project>