<?xml version="1.0" encoding="utf-8"?>
<Project ToolsVersion="4.0" xmlns="http://schemas.microsoft.com/developer/msbuild/2003">
  <ItemGroup>
    <Filter Include="Source Files">
      <UniqueIdentifier>{7e3b0cee-aa49-4136-9c73-d866a66fb5f7}</UniqueIdentifier>
      <Extensions>cpp;c;cxx;def;odl;idl;hpj;bat;asm</Extensions>
    </Filter>
    <Filter Include="Header Files">
      <UniqueIdentifier>{ab4b7b3c-97f0-4df3-b349-fd30ce0979a9}</UniqueIdentifier>
      <Extensions>h;hpp;hxx;hm;inl;inc</Extensions>
    </Filter>
    <Filter Include="Resource Files">
      <UniqueIdentifier>{bb6b68e6-6dd0-4036-96a9-9fd0ff7ee898}</UniqueIdentifier>
      <Extensions>rc;ico;cur;bmp;dlg;rc2;rct;bin;rgs;gif;jpg;jpeg;jpe</Extensions>
    </Filter>
  </ItemGroup>
  <ItemGroup>
    <ClCompile Include="..\src\FlatFileLoader.cpp">
      <Filter>Source Files</Filter>
    </ClCompile>
  </ItemGroup>
  <ItemGroup>
    <ClInclude Include="..\inc\FlatAccountPermissionLoad.h">
      <Filter>Header Files</Filter>
    </ClInclude>
    <ClInclude Include="..\inc\FlatAddressLoad.h">
      <Filter>Header Files</Filter>
    </ClInclude>
    <ClInclude Include="..\inc\FlatBrokerLoad.h">
      <Filter>Header Files</Filter>
    </ClInclude>
    <ClInclude Include="..\inc\FlatCashTransactionLoad.h">
      <Filter>Header Files</Filter>
    </ClInclude>
    <ClInclude Include="..\inc\FlatChargeLoad.h">
      <Filter>Header Files</Filter>
    </ClInclude>
    <ClInclude Include="..\inc\FlatCommissionRateLoad.h">
      <Filter>Header Files</Filter>
    </ClInclude>
    <ClInclude Include="..\inc\FlatCompanyCompetitorLoad.h">
      <Filter>Header Files</Filter>
    </ClInclude>
    <ClInclude Include="..\inc\FlatCompanyLoad.h">
      <Filter>Header Files</Filter>
    </ClInclude>
    <ClInclude Include="..\inc\FlatCustomerAccountLoad.h">
      <Filter>Header Files</Filter>
    </ClInclude>
    <ClInclude Include="..\inc\FlatCustomerLoad.h">
      <Filter>Header Files</Filter>
    </ClInclude>
    <ClInclude Include="..\inc\FlatCustomerTaxrateLoad.h">
      <Filter>Header Files</Filter>
    </ClInclude>
    <ClInclude Include="..\inc\FlatDailyMarketLoad.h">
      <Filter>Header Files</Filter>
    </ClInclude>
    <ClInclude Include="..\inc\FlatExchangeLoad.h">
      <Filter>Header Files</Filter>
    </ClInclude>
    <ClInclude Include="..\inc\FlatFileLoad_stdafx.h">
      <Filter>Header Files</Filter>
    </ClInclude>
    <ClInclude Include="..\inc\FlatFileLoader.h">
      <Filter>Header Files</Filter>
    </ClInclude>
    <ClInclude Include="..\inc\FlatFinancialLoad.h">
      <Filter>Header Files</Filter>
    </ClInclude>
    <ClInclude Include="..\inc\FlatHoldingHistoryLoad.h">
      <Filter>Header Files</Filter>
    </ClInclude>
    <ClInclude Include="..\inc\FlatHoldingLoad.h">
      <Filter>Header Files</Filter>
    </ClInclude>
    <ClInclude Include="..\inc\FlatHoldingSummaryLoad.h">
      <Filter>Header Files</Filter>
    </ClInclude>
    <ClInclude Include="..\inc\FlatIndustryLoad.h">
      <Filter>Header Files</Filter>
    </ClInclude>
    <ClInclude Include="..\inc\FlatLastTradeLoad.h">
      <Filter>Header Files</Filter>
    </ClInclude>
    <ClInclude Include="..\inc\FlatLoaderFactory.h">
      <Filter>Header Files</Filter>
    </ClInclude>
    <ClInclude Include="..\inc\FlatNewsItemLoad.h">
      <Filter>Header Files</Filter>
    </ClInclude>
    <ClInclude Include="..\inc\FlatNewsXRefLoad.h">
      <Filter>Header Files</Filter>
    </ClInclude>
    <ClInclude Include="..\inc\FlatSectorLoad.h">
      <Filter>Header Files</Filter>
    </ClInclude>
    <ClInclude Include="..\inc\FlatSecurityLoad.h">
      <Filter>Header Files</Filter>
    </ClInclude>
    <ClInclude Include="..\inc\FlatSettlementLoad.h">
      <Filter>Header Files</Filter>
    </ClInclude>
    <ClInclude Include="..\inc\FlatStatusTypeLoad.h">
      <Filter>Header Files</Filter>
    </ClInclude>
    <ClInclude Include="..\inc\FlatTaxrateLoad.h">
      <Filter>Header Files</Filter>
    </ClInclude>
    <ClInclude Include="..\inc\FlatTradeHistoryLoad.h">
      <Filter>Header Files</Filter>
    </ClInclude>
    <ClInclude Include="..\inc\FlatTradeLoad.h">
      <Filter>Header Files</Filter>
    </ClInclude>
    <ClInclude Include="..\inc\FlatTradeRequestLoad.h">
      <Filter>Header Files</Filter>
    </ClInclude>
    <ClInclude Include="..\inc\FlatTradeTypeLoad.h">
      <Filter>Header Files</Filter>
    </ClInclude>
    <ClInclude Include="..\inc\FlatWatchItemLoad.h">
      <Filter>Header Files</Filter>
    </ClInclude>
    <ClInclude Include="..\inc\FlatWatchListLoad.h">
      <Filter>Header Files</Filter>
    </ClInclude>
    <ClInclude Include="..\inc\FlatZipCodeLoad.h">
      <Filter>Header Files</Filter>
    </ClInclude>
  </ItemGroup>
</Project>