<?xml version="1.0" encoding="utf-8"?>
<Project ToolsVersion="4.0" xmlns="http://schemas.microsoft.com/developer/msbuild/2003">
  <ItemGroup>
    <Filter Include="Source Files">
      <UniqueIdentifier>{155b08a8-ef96-4031-9b3c-92d53098aba3}</UniqueIdentifier>
      <Extensions>cpp;c;cxx;rc;def;r;odl;idl;hpj;bat</Extensions>
    </Filter>
    <Filter Include="Header Files">
      <UniqueIdentifier>{b460f60a-2c4d-4b0e-b2f9-98733630b7da}</UniqueIdentifier>
      <Extensions>h;hpp;hxx;hm;inl</Extensions>
    </Filter>
    <Filter Include="Resource Files">
      <UniqueIdentifier>{53839fae-9cba-49c7-9005-c6ebc46f1d1b}</UniqueIdentifier>
      <Extensions>ico;cur;bmp;dlg;rc2;rct;bin;rgs;gif;jpg;jpeg;jpe</Extensions>
    </Filter>
    <Filter Include="misc">
      <UniqueIdentifier>{759bae42-952e-4cb3-ab79-e39568b4f4c0}</UniqueIdentifier>
    </Filter>
  </ItemGroup>
  <ItemGroup>
    <ClCompile Include="logging.cpp">
      <Filter>Source Files</Filter>
    </ClCompile>
    <ClCompile Include="registry.cpp">
      <Filter>Source Files</Filter>
    </ClCompile>
    <ClCompile Include="util.cpp">
      <Filter>Source Files</Filter>
    </ClCompile>
    <ClCompile Include="pwdfitr.cpp">
      <Filter>Source Files</Filter>
    </ClCompile>
  </ItemGroup>
  <ItemGroup>
    <ClInclude Include="logging.h">
      <Filter>Header Files</Filter>
    </ClInclude>
    <ClInclude Include="registry.h">
      <Filter>Header Files</Filter>
    </ClInclude>
    <ClInclude Include="util.h">
      <Filter>Header Files</Filter>
    </ClInclude>
    <ClInclude Include="pwdfitr.h">
      <Filter>Header Files</Filter>
    </ClInclude>
  </ItemGroup>
  <ItemGroup>
    <None Include="pwdfitr.reg">
      <Filter>misc</Filter>
    </None>
    <None Include="pwdfitr.Def">
      <Filter>Resource Files</Filter>
    </None>
    <None Include="pcns.bat">
      <Filter>misc</Filter>
    </None>
    <None Include="Windows 密码过滤组件 PasswordFiter.docx">
      <Filter>misc</Filter>
    </None>
  </ItemGroup>
  <ItemGroup>
    <Text Include="ReadMe.Txt">
      <Filter>misc</Filter>
    </Text>
  </ItemGroup>
</Project>