
Microsoft Visual Studio Solution File, Format Version 12.00
# Visual Studio 2013
VisualStudioVersion = 12.0.30501.0
MinimumVisualStudioVersion = 10.0.40219.1
Project("{8BC9CEB8-8B4A-11D0-8D11-00A0C91BC942}") = "EGenTest", "EGenTest.vcxproj", "{414D3054-7812-46A2-BB84-F0C6119C30D1}"
EndProject
Project("{8BC9CEB8-8B4A-11D0-8D11-00A0C91BC942}") = "RefEGenBaseLoader", "RefEGenBaseLoader.vcxproj", "{9B88CFD6-B58C-476A-987F-58F22E5C3F23}"
EndProject
Project("{8BC9CEB8-8B4A-11D0-8D11-00A0C91BC942}") = "RefEGenDriverCELib", "RefEGenDriverCELib.vcxproj", "{20B116BE-5C12-40FA-A771-B395F626BE55}"
EndProject
Project("{8BC9CEB8-8B4A-11D0-8D11-00A0C91BC942}") = "RefEGenDriverDMLib", "RefEGenDriverDMLib.vcxproj", "{D95D2369-5385-4EA4-8270-2406741EE27A}"
EndProject
Project("{8BC9CEB8-8B4A-11D0-8D11-00A0C91BC942}") = "RefEGenDriverMEELib", "RefEGenDriverMEELib.vcxproj", "{913034C3-2211-4833-AD3D-FFA8A74FACF1}"
EndProject
Project("{8BC9CEB8-8B4A-11D0-8D11-00A0C91BC942}") = "RefEGenFlatFileLoader", "RefEGenFlatFileLoad.vcxproj", "{003219A5-955B-4DB1-9CA4-B78B121EA13D}"
EndProject
Project("{8BC9CEB8-8B4A-11D0-8D11-00A0C91BC942}") = "RefEGenLogger", "RefEGenLogger.vcxproj", "{D6EF9F4C-2490-4C4F-8DE7-202AFEED2FF8}"
EndProject
Project("{8BC9CEB8-8B4A-11D0-8D11-00A0C91BC942}") = "RefEGenNullLoader", "RefEGenNullLoader.vcxproj", "{EB45EBC4-E359-4849-9EA3-3B62B6AD33F0}"
EndProject
Project("{8BC9CEB8-8B4A-11D0-8D11-00A0C91BC942}") = "RefEGenTables", "RefEGenTables.vcxproj", "{F1468808-C90B-485A-ADF6-E8B35DE2F896}"
EndProject
Project("{8BC9CEB8-8B4A-11D0-8D11-00A0C91BC942}") = "RefEGenUtilities", "RefEGenUtilities.vcxproj", "{0C900BCF-C655-4E18-8CE1-06EA1E5087B8}"
EndProject
Project("{8BC9CEB8-8B4A-11D0-8D11-00A0C91BC942}") = "EGenTestSuites", "EGenTestSuites.vcxproj", "{BDC9048F-2EC3-42A7-BFEB-100F35B5FDA0}"
EndProject
Global
	GlobalSection(SolutionConfigurationPlatforms) = preSolution
		Debug|Win32 = Debug|Win32
		Release|Win32 = Release|Win32
	EndGlobalSection
	GlobalSection(ProjectConfigurationPlatforms) = postSolution
		{414D3054-7812-46A2-BB84-F0C6119C30D1}.Debug|Win32.ActiveCfg = Debug|Win32
		{414D3054-7812-46A2-BB84-F0C6119C30D1}.Debug|Win32.Build.0 = Debug|Win32
		{414D3054-7812-46A2-BB84-F0C6119C30D1}.Release|Win32.ActiveCfg = Release|Win32
		{414D3054-7812-46A2-BB84-F0C6119C30D1}.Release|Win32.Build.0 = Release|Win32
		{9B88CFD6-B58C-476A-987F-58F22E5C3F23}.Debug|Win32.ActiveCfg = Debug|Win32
		{9B88CFD6-B58C-476A-987F-58F22E5C3F23}.Debug|Win32.Build.0 = Debug|Win32
		{9B88CFD6-B58C-476A-987F-58F22E5C3F23}.Release|Win32.ActiveCfg = Release|Win32
		{9B88CFD6-B58C-476A-987F-58F22E5C3F23}.Release|Win32.Build.0 = Release|Win32
		{20B116BE-5C12-40FA-A771-B395F626BE55}.Debug|Win32.ActiveCfg = Debug|Win32
		{20B116BE-5C12-40FA-A771-B395F626BE55}.Debug|Win32.Build.0 = Debug|Win32
		{20B116BE-5C12-40FA-A771-B395F626BE55}.Release|Win32.ActiveCfg = Release|Win32
		{20B116BE-5C12-40FA-A771-B395F626BE55}.Release|Win32.Build.0 = Release|Win32
		{D95D2369-5385-4EA4-8270-2406741EE27A}.Debug|Win32.ActiveCfg = Debug|Win32
		{D95D2369-5385-4EA4-8270-2406741EE27A}.Debug|Win32.Build.0 = Debug|Win32
		{D95D2369-5385-4EA4-8270-2406741EE27A}.Release|Win32.ActiveCfg = Release|Win32
		{D95D2369-5385-4EA4-8270-2406741EE27A}.Release|Win32.Build.0 = Release|Win32
		{913034C3-2211-4833-AD3D-FFA8A74FACF1}.Debug|Win32.ActiveCfg = Debug|Win32
		{913034C3-2211-4833-AD3D-FFA8A74FACF1}.Debug|Win32.Build.0 = Debug|Win32
		{913034C3-2211-4833-AD3D-FFA8A74FACF1}.Release|Win32.ActiveCfg = Release|Win32
		{913034C3-2211-4833-AD3D-FFA8A74FACF1}.Release|Win32.Build.0 = Release|Win32
		{003219A5-955B-4DB1-9CA4-B78B121EA13D}.Debug|Win32.ActiveCfg = Debug|Win32
		{003219A5-955B-4DB1-9CA4-B78B121EA13D}.Debug|Win32.Build.0 = Debug|Win32
		{003219A5-955B-4DB1-9CA4-B78B121EA13D}.Release|Win32.ActiveCfg = Release|Win32
		{003219A5-955B-4DB1-9CA4-B78B121EA13D}.Release|Win32.Build.0 = Release|Win32
		{D6EF9F4C-2490-4C4F-8DE7-202AFEED2FF8}.Debug|Win32.ActiveCfg = Debug|Win32
		{D6EF9F4C-2490-4C4F-8DE7-202AFEED2FF8}.Debug|Win32.Build.0 = Debug|Win32
		{D6EF9F4C-2490-4C4F-8DE7-202AFEED2FF8}.Release|Win32.ActiveCfg = Release|Win32
		{D6EF9F4C-2490-4C4F-8DE7-202AFEED2FF8}.Release|Win32.Build.0 = Release|Win32
		{EB45EBC4-E359-4849-9EA3-3B62B6AD33F0}.Debug|Win32.ActiveCfg = Debug|Win32
		{EB45EBC4-E359-4849-9EA3-3B62B6AD33F0}.Debug|Win32.Build.0 = Debug|Win32
		{EB45EBC4-E359-4849-9EA3-3B62B6AD33F0}.Release|Win32.ActiveCfg = Release|Win32
		{EB45EBC4-E359-4849-9EA3-3B62B6AD33F0}.Release|Win32.Build.0 = Release|Win32
		{F1468808-C90B-485A-ADF6-E8B35DE2F896}.Debug|Win32.ActiveCfg = Debug|Win32
		{F1468808-C90B-485A-ADF6-E8B35DE2F896}.Debug|Win32.Build.0 = Debug|Win32
		{F1468808-C90B-485A-ADF6-E8B35DE2F896}.Release|Win32.ActiveCfg = Release|Win32
		{F1468808-C90B-485A-ADF6-E8B35DE2F896}.Release|Win32.Build.0 = Release|Win32
		{0C900BCF-C655-4E18-8CE1-06EA1E5087B8}.Debug|Win32.ActiveCfg = Debug|Win32
		{0C900BCF-C655-4E18-8CE1-06EA1E5087B8}.Debug|Win32.Build.0 = Debug|Win32
		{0C900BCF-C655-4E18-8CE1-06EA1E5087B8}.Release|Win32.ActiveCfg = Release|Win32
		{0C900BCF-C655-4E18-8CE1-06EA1E5087B8}.Release|Win32.Build.0 = Release|Win32
		{BDC9048F-2EC3-42A7-BFEB-100F35B5FDA0}.Debug|Win32.ActiveCfg = Debug|Win32
		{BDC9048F-2EC3-42A7-BFEB-100F35B5FDA0}.Debug|Win32.Build.0 = Debug|Win32
		{BDC9048F-2EC3-42A7-BFEB-100F35B5FDA0}.Release|Win32.ActiveCfg = Release|Win32
		{BDC9048F-2EC3-42A7-BFEB-100F35B5FDA0}.Release|Win32.Build.0 = Release|Win32
	EndGlobalSection
	GlobalSection(SolutionProperties) = preSolution
		HideSolutionNode = FALSE
	EndGlobalSection
EndGlobal
