
Microsoft Visual Studio Solution File, Format Version 12.00
# Visual Studio 2013
VisualStudioVersion = 12.0.30723.0
MinimumVisualStudioVersion = 10.0.40219.1
Project("{FAE04EC0-301F-11D3-BF4B-00C04F79EFBC}") = "Common", "Common\Common.csproj", "{4F1E6D13-715A-4655-9CF7-3F180915C0E3}"
EndProject
Project("{FAE04EC0-301F-11D3-BF4B-00C04F79EFBC}") = "Common.Wcf", "Common.Wcf\Common.Wcf.csproj", "{290AB714-F9C2-40C6-8A35-7E22DB340949}"
EndProject
Project("{FAE04EC0-301F-11D3-BF4B-00C04F79EFBC}") = "Common.Web", "Common.Web\Common.Web.csproj", "{D97D3D85-C069-4D54-B206-98B7709F4E4B}"
EndProject
Project("{FAE04EC0-301F-11D3-BF4B-00C04F79EFBC}") = "Common.Wpf", "Common.Wpf\Common.Wpf.csproj", "{45E2C53A-0A53-47C8-BB33-8FAD89D86ACC}"
EndProject
Project("{2150E333-8FDC-42A3-9474-1A3956D46DE8}") = "Solution Items", "Solution Items", "{038CF3FF-2738-44AA-8142-4E3F857A188B}"
	ProjectSection(SolutionItems) = preProject
		SolutionInfo.cs = SolutionInfo.cs
	EndProjectSection
EndProject
Project("{FAE04EC0-301F-11D3-BF4B-00C04F79EFBC}") = "Resource", "Resource\Resource.csproj", "{14A9DF49-B40D-4140-9E44-683CD5E4D113}"
EndProject
Project("{FAE04EC0-301F-11D3-BF4B-00C04F79EFBC}") = "TestConsole", "TestConsole\TestConsole.csproj", "{CF0A5183-0CDE-4E46-986F-04E9C022852C}"
EndProject
Project("{2150E333-8FDC-42A3-9474-1A3956D46DE8}") = "EGen", "EGen", "{83FF02FD-2137-44E7-A0CB-A94CC735DD92}"
EndProject
Project("{8BC9CEB8-8B4A-11D0-8D11-00A0C91BC942}") = "EGenBaseLoader", "EGen_v1.13.0\prj\VS2010\EGenBaseLoader.vcxproj", "{B9C2B7D2-F04B-45D1-B201-6AFBFEC8D25F}"
EndProject
Project("{8BC9CEB8-8B4A-11D0-8D11-00A0C91BC942}") = "EGenDriverCELib", "EGen_v1.13.0\prj\VS2010\EGenDriverCELib.vcxproj", "{35EF6F31-C53E-4DA3-B333-4D214725D59F}"
EndProject
Project("{8BC9CEB8-8B4A-11D0-8D11-00A0C91BC942}") = "EGenDriverDMLib", "EGen_v1.13.0\prj\VS2010\EGenDriverDMLib.vcxproj", "{FBCD8B8A-F6C4-4581-ABBA-531801758797}"
EndProject
Project("{8BC9CEB8-8B4A-11D0-8D11-00A0C91BC942}") = "EGenDriverMEELib", "EGen_v1.13.0\prj\VS2010\EGenDriverMEELib.vcxproj", "{69127AA7-CAC6-442D-981D-72DBE717A93A}"
EndProject
Project("{8BC9CEB8-8B4A-11D0-8D11-00A0C91BC942}") = "EGenFlatFileLoader", "EGen_v1.13.0\prj\VS2010\EGenFlatFileLoad.vcxproj", "{5A107CCC-9195-4C93-AD04-E30B6C88D356}"
EndProject
Project("{8BC9CEB8-8B4A-11D0-8D11-00A0C91BC942}") = "EGenGenerateAndLoad", "EGen_v1.13.0\prj\VS2010\EGenGenerateAndLoad.vcxproj", "{09A6E7DC-802A-4A95-833B-12D0BA0CA977}"
EndProject
Project("{8BC9CEB8-8B4A-11D0-8D11-00A0C91BC942}") = "EGenLoader", "EGen_v1.13.0\prj\VS2010\EGenLoader.vcxproj", "{46742F15-6FA1-4B8F-A25B-E3A2C969DF51}"
EndProject
Project("{8BC9CEB8-8B4A-11D0-8D11-00A0C91BC942}") = "EGenLogger", "EGen_v1.13.0\prj\VS2010\EGenLogger.vcxproj", "{FE6E4805-E3C0-47B6-B7FB-D1DCD1FAB24E}"
EndProject
Project("{8BC9CEB8-8B4A-11D0-8D11-00A0C91BC942}") = "EGenMSSQLLoader", "EGen_v1.13.0\prj\VS2010\EGenMSSQLLoader.vcxproj", "{0EC75FEF-16B5-4DB5-AD4F-A41F6927CEFC}"
EndProject
Project("{8BC9CEB8-8B4A-11D0-8D11-00A0C91BC942}") = "EGenTables", "EGen_v1.13.0\prj\VS2010\EGenTables.vcxproj", "{36F8142B-6234-497F-97DA-D1218F5270C6}"
EndProject
Project("{8BC9CEB8-8B4A-11D0-8D11-00A0C91BC942}") = "EGenTxnHarness", "EGen_v1.13.0\prj\VS2010\EGenTxnHarness.vcxproj", "{2C413BB7-38AC-4040-AB2F-210BBF9FBFB4}"
EndProject
Project("{8BC9CEB8-8B4A-11D0-8D11-00A0C91BC942}") = "EGenValidate", "EGen_v1.13.0\prj\VS2010\EGenValidate.vcxproj", "{7525268B-290E-48D4-A1BA-281BB06ECE39}"
EndProject
Project("{8BC9CEB8-8B4A-11D0-8D11-00A0C91BC942}") = "EGenManagedProxy", "EGen_v1.13.0\prj\VS2010\EGenManagedProxy\EGenManagedProxy.vcxproj", "{C5C925E7-EA36-470A-9DC8-69574F56946B}"
EndProject
Project("{2150E333-8FDC-42A3-9474-1A3956D46DE8}") = "Infrastructure", "Infrastructure", "{4BEE2B1D-E33D-4125-A39C-05CFC754E361}"
EndProject
Project("{2150E333-8FDC-42A3-9474-1A3956D46DE8}") = "Misc", "Misc", "{6AA65AB8-257B-4955-AF52-82E6EB70266B}"
EndProject
Project("{FAE04EC0-301F-11D3-BF4B-00C04F79EFBC}") = "ViewModel", "ViewModel\ViewModel.csproj", "{7D4406B1-47D7-4BD6-8B1A-62AF1C77C965}"
EndProject
Project("{FAE04EC0-301F-11D3-BF4B-00C04F79EFBC}") = "MsTools", "MSTools\MsTools.csproj", "{3F593E5A-5612-4811-8921-BA4B52542DE8}"
EndProject
Project("{8BC9CEB8-8B4A-11D0-8D11-00A0C91BC942}") = "EGenUtilities", "EGen_v1.13.0\Utilities\prj\VS2010\EGenUtilities.vcxproj", "{C83AAAB7-C52E-4457-AA88-2C5AB3A8A7B7}"
EndProject
Project("{8BC9CEB8-8B4A-11D0-8D11-00A0C91BC942}") = "EGenInputFiles", "EGen_v1.13.0\InputFiles\prj\VS2010\EGenInputFiles.vcxproj", "{F4EBEEA8-F4FD-42BC-85FD-611DD96FC56A}"
EndProject
Project("{FAE04EC0-301F-11D3-BF4B-00C04F79EFBC}") = "UnitTest", "UnitTest\UnitTest.csproj", "{953FF41F-B087-4C59-9848-440AE894A142}"
EndProject
Project("{FAE04EC0-301F-11D3-BF4B-00C04F79EFBC}") = "Logging", "Logging\Logging.csproj", "{4B146253-0394-457A-B512-2A6869581C7F}"
EndProject
Project("{FAE04EC0-301F-11D3-BF4B-00C04F79EFBC}") = "Controls", "Controls\Controls.csproj", "{D62B3A3E-42AA-4B56-A8BF-E1F1BC9B3C7D}"
EndProject
Project("{2150E333-8FDC-42A3-9474-1A3956D46DE8}") = "Azure", "Azure", "{37FA746B-F282-42F3-92A5-7AABF90408F1}"
EndProject
Project("{FAE04EC0-301F-11D3-BF4B-00C04F79EFBC}") = "Model", "Model\Model.csproj", "{8CB9B823-10C5-4FC5-A589-993852A9566D}"
EndProject
Project("{FAE04EC0-301F-11D3-BF4B-00C04F79EFBC}") = "Persistent", "Persistent\Persistent.csproj", "{22EFB48B-F29A-4772-9259-F79E93956DF8}"
EndProject
Project("{FAE04EC0-301F-11D3-BF4B-00C04F79EFBC}") = "Common.Cloud", "Common.Cloud\Common.Cloud.csproj", "{13437AD1-D5C8-47FC-A68A-71BCCF2A7A86}"
EndProject
Project("{2150E333-8FDC-42A3-9474-1A3956D46DE8}") = "RebootMachine", "RebootMachine", "{533252E6-5A02-44FE-AF9C-9E7F0D6090DE}"
EndProject
Project("{8BC9CEB8-8B4A-11D0-8D11-00A0C91BC942}") = "Reboot", "Reboot\Reboot.vcxproj", "{8EE9523B-1AA6-4F22-BBFE-5AD229708349}"
EndProject
Project("{FAE04EC0-301F-11D3-BF4B-00C04F79EFBC}") = "XpTools", "XpTools\XpTools.csproj", "{5B5EE986-B6A8-4D82-8C46-F4DF6428C7B8}"
EndProject
Project("{2150E333-8FDC-42A3-9474-1A3956D46DE8}") = "WindowsXp", "WindowsXp", "{DD7AFC3D-8654-45B5-AE2E-1ABEB52C7CC3}"
EndProject
Project("{2150E333-8FDC-42A3-9474-1A3956D46DE8}") = "BI", "BI", "{EE4A4C60-5EB9-40F1-9605-1A3E14B530C0}"
EndProject
Project("{FAE04EC0-301F-11D3-BF4B-00C04F79EFBC}") = "WorkerRole.MsTools.AzureCloudService", "Azure\WorkerRole.MsTools.AzureCloudService\WorkerRole.MsTools.AzureCloudService.csproj", "{0AF6EB54-381C-4DDD-8E71-EE90775F57B7}"
EndProject
Project("{FAE04EC0-301F-11D3-BF4B-00C04F79EFBC}") = "WebRole.MsTools.AzureCloudService", "Azure\WebRole.MsTools.AzureCloudService\WebRole.MsTools.AzureCloudService.csproj", "{11CCDD6D-2B9F-49DF-BB6A-5718429CDF94}"
EndProject
Project("{CC5FD16D-436D-48AD-A40C-5A424C6E3E79}") = "MsTools.AzureCloudService", "Azure\MsTools.AzureCloudService\MsTools.AzureCloudService.ccproj", "{98181B66-F7F8-4FA4-AC54-246DAB93B2D9}"
EndProject
Project("{D2ABAB84-BF74-430A-B69E-9DC6D40DDA17}") = "BasicDataMining", "BI\BasicDataMining\BasicDataMining.dwproj", "{C9C4D971-8620-495A-9C81-3B7946F77A4D}"
EndProject
Project("{D2ABAB84-BF74-430A-B69E-9DC6D40DDA17}") = "AWDW2014Multidimensional-EE", "BI\AWDW2014Multidimensional-EE\AWDW2014Multidimensional-EE.dwproj", "{1809415A-B131-4989-A90B-E462D593D1B9}"
EndProject
Global
	GlobalSection(SolutionConfigurationPlatforms) = preSolution
		Debug|x64 = Debug|x64
		Debug|x86 = Debug|x86
		Development|x64 = Development|x64
		Development|x86 = Development|x86
		Release|x64 = Release|x64
		Release|x86 = Release|x86
	EndGlobalSection
	GlobalSection(ProjectConfigurationPlatforms) = postSolution
		{4F1E6D13-715A-4655-9CF7-3F180915C0E3}.Debug|x64.ActiveCfg = Debug|Any CPU
		{4F1E6D13-715A-4655-9CF7-3F180915C0E3}.Debug|x64.Build.0 = Debug|Any CPU
		{4F1E6D13-715A-4655-9CF7-3F180915C0E3}.Debug|x86.ActiveCfg = Debug|Any CPU
		{4F1E6D13-715A-4655-9CF7-3F180915C0E3}.Debug|x86.Build.0 = Debug|Any CPU
		{4F1E6D13-715A-4655-9CF7-3F180915C0E3}.Development|x64.ActiveCfg = Debug|Any CPU
		{4F1E6D13-715A-4655-9CF7-3F180915C0E3}.Development|x86.ActiveCfg = Debug|Any CPU
		{4F1E6D13-715A-4655-9CF7-3F180915C0E3}.Release|x64.ActiveCfg = Release|Any CPU
		{4F1E6D13-715A-4655-9CF7-3F180915C0E3}.Release|x64.Build.0 = Release|Any CPU
		{4F1E6D13-715A-4655-9CF7-3F180915C0E3}.Release|x86.ActiveCfg = Release|Any CPU
		{4F1E6D13-715A-4655-9CF7-3F180915C0E3}.Release|x86.Build.0 = Release|Any CPU
		{290AB714-F9C2-40C6-8A35-7E22DB340949}.Debug|x64.ActiveCfg = Debug|Any CPU
		{290AB714-F9C2-40C6-8A35-7E22DB340949}.Debug|x64.Build.0 = Debug|Any CPU
		{290AB714-F9C2-40C6-8A35-7E22DB340949}.Debug|x86.ActiveCfg = Debug|Any CPU
		{290AB714-F9C2-40C6-8A35-7E22DB340949}.Debug|x86.Build.0 = Debug|Any CPU
		{290AB714-F9C2-40C6-8A35-7E22DB340949}.Development|x64.ActiveCfg = Debug|Any CPU
		{290AB714-F9C2-40C6-8A35-7E22DB340949}.Development|x86.ActiveCfg = Debug|Any CPU
		{290AB714-F9C2-40C6-8A35-7E22DB340949}.Release|x64.ActiveCfg = Release|Any CPU
		{290AB714-F9C2-40C6-8A35-7E22DB340949}.Release|x64.Build.0 = Release|Any CPU
		{290AB714-F9C2-40C6-8A35-7E22DB340949}.Release|x86.ActiveCfg = Release|Any CPU
		{290AB714-F9C2-40C6-8A35-7E22DB340949}.Release|x86.Build.0 = Release|Any CPU
		{D97D3D85-C069-4D54-B206-98B7709F4E4B}.Debug|x64.ActiveCfg = Debug|Any CPU
		{D97D3D85-C069-4D54-B206-98B7709F4E4B}.Debug|x64.Build.0 = Debug|Any CPU
		{D97D3D85-C069-4D54-B206-98B7709F4E4B}.Debug|x86.ActiveCfg = Debug|Any CPU
		{D97D3D85-C069-4D54-B206-98B7709F4E4B}.Debug|x86.Build.0 = Debug|Any CPU
		{D97D3D85-C069-4D54-B206-98B7709F4E4B}.Development|x64.ActiveCfg = Debug|Any CPU
		{D97D3D85-C069-4D54-B206-98B7709F4E4B}.Development|x86.ActiveCfg = Debug|Any CPU
		{D97D3D85-C069-4D54-B206-98B7709F4E4B}.Release|x64.ActiveCfg = Release|Any CPU
		{D97D3D85-C069-4D54-B206-98B7709F4E4B}.Release|x64.Build.0 = Release|Any CPU
		{D97D3D85-C069-4D54-B206-98B7709F4E4B}.Release|x86.ActiveCfg = Release|Any CPU
		{D97D3D85-C069-4D54-B206-98B7709F4E4B}.Release|x86.Build.0 = Release|Any CPU
		{45E2C53A-0A53-47C8-BB33-8FAD89D86ACC}.Debug|x64.ActiveCfg = Debug|Any CPU
		{45E2C53A-0A53-47C8-BB33-8FAD89D86ACC}.Debug|x64.Build.0 = Debug|Any CPU
		{45E2C53A-0A53-47C8-BB33-8FAD89D86ACC}.Debug|x86.ActiveCfg = Debug|Any CPU
		{45E2C53A-0A53-47C8-BB33-8FAD89D86ACC}.Debug|x86.Build.0 = Debug|Any CPU
		{45E2C53A-0A53-47C8-BB33-8FAD89D86ACC}.Development|x64.ActiveCfg = Debug|Any CPU
		{45E2C53A-0A53-47C8-BB33-8FAD89D86ACC}.Development|x86.ActiveCfg = Debug|Any CPU
		{45E2C53A-0A53-47C8-BB33-8FAD89D86ACC}.Release|x64.ActiveCfg = Release|Any CPU
		{45E2C53A-0A53-47C8-BB33-8FAD89D86ACC}.Release|x64.Build.0 = Release|Any CPU
		{45E2C53A-0A53-47C8-BB33-8FAD89D86ACC}.Release|x86.ActiveCfg = Release|Any CPU
		{45E2C53A-0A53-47C8-BB33-8FAD89D86ACC}.Release|x86.Build.0 = Release|Any CPU
		{14A9DF49-B40D-4140-9E44-683CD5E4D113}.Debug|x64.ActiveCfg = Debug|Any CPU
		{14A9DF49-B40D-4140-9E44-683CD5E4D113}.Debug|x64.Build.0 = Debug|Any CPU
		{14A9DF49-B40D-4140-9E44-683CD5E4D113}.Debug|x86.ActiveCfg = Debug|Any CPU
		{14A9DF49-B40D-4140-9E44-683CD5E4D113}.Debug|x86.Build.0 = Debug|Any CPU
		{14A9DF49-B40D-4140-9E44-683CD5E4D113}.Development|x64.ActiveCfg = Debug|Any CPU
		{14A9DF49-B40D-4140-9E44-683CD5E4D113}.Development|x86.ActiveCfg = Debug|Any CPU
		{14A9DF49-B40D-4140-9E44-683CD5E4D113}.Release|x64.ActiveCfg = Release|Any CPU
		{14A9DF49-B40D-4140-9E44-683CD5E4D113}.Release|x64.Build.0 = Release|Any CPU
		{14A9DF49-B40D-4140-9E44-683CD5E4D113}.Release|x86.ActiveCfg = Release|Any CPU
		{14A9DF49-B40D-4140-9E44-683CD5E4D113}.Release|x86.Build.0 = Release|Any CPU
		{CF0A5183-0CDE-4E46-986F-04E9C022852C}.Debug|x64.ActiveCfg = Debug|Any CPU
		{CF0A5183-0CDE-4E46-986F-04E9C022852C}.Debug|x64.Build.0 = Debug|Any CPU
		{CF0A5183-0CDE-4E46-986F-04E9C022852C}.Debug|x86.ActiveCfg = Debug|Any CPU
		{CF0A5183-0CDE-4E46-986F-04E9C022852C}.Debug|x86.Build.0 = Debug|Any CPU
		{CF0A5183-0CDE-4E46-986F-04E9C022852C}.Development|x64.ActiveCfg = Debug|Any CPU
		{CF0A5183-0CDE-4E46-986F-04E9C022852C}.Development|x86.ActiveCfg = Debug|Any CPU
		{CF0A5183-0CDE-4E46-986F-04E9C022852C}.Release|x64.ActiveCfg = Release|Any CPU
		{CF0A5183-0CDE-4E46-986F-04E9C022852C}.Release|x64.Build.0 = Release|Any CPU
		{CF0A5183-0CDE-4E46-986F-04E9C022852C}.Release|x86.ActiveCfg = Release|Any CPU
		{CF0A5183-0CDE-4E46-986F-04E9C022852C}.Release|x86.Build.0 = Release|Any CPU
		{B9C2B7D2-F04B-45D1-B201-6AFBFEC8D25F}.Debug|x64.ActiveCfg = Debug|x64
		{B9C2B7D2-F04B-45D1-B201-6AFBFEC8D25F}.Debug|x64.Build.0 = Debug|x64
		{B9C2B7D2-F04B-45D1-B201-6AFBFEC8D25F}.Debug|x86.ActiveCfg = Debug|Win32
		{B9C2B7D2-F04B-45D1-B201-6AFBFEC8D25F}.Debug|x86.Build.0 = Debug|Win32
		{B9C2B7D2-F04B-45D1-B201-6AFBFEC8D25F}.Development|x64.ActiveCfg = Debug|x64
		{B9C2B7D2-F04B-45D1-B201-6AFBFEC8D25F}.Development|x64.Build.0 = Debug|x64
		{B9C2B7D2-F04B-45D1-B201-6AFBFEC8D25F}.Development|x86.ActiveCfg = Debug|Win32
		{B9C2B7D2-F04B-45D1-B201-6AFBFEC8D25F}.Development|x86.Build.0 = Debug|Win32
		{B9C2B7D2-F04B-45D1-B201-6AFBFEC8D25F}.Release|x64.ActiveCfg = Release|x64
		{B9C2B7D2-F04B-45D1-B201-6AFBFEC8D25F}.Release|x64.Build.0 = Release|x64
		{B9C2B7D2-F04B-45D1-B201-6AFBFEC8D25F}.Release|x86.ActiveCfg = Release|Win32
		{B9C2B7D2-F04B-45D1-B201-6AFBFEC8D25F}.Release|x86.Build.0 = Release|Win32
		{35EF6F31-C53E-4DA3-B333-4D214725D59F}.Debug|x64.ActiveCfg = Debug|x64
		{35EF6F31-C53E-4DA3-B333-4D214725D59F}.Debug|x64.Build.0 = Debug|x64
		{35EF6F31-C53E-4DA3-B333-4D214725D59F}.Debug|x86.ActiveCfg = Debug|Win32
		{35EF6F31-C53E-4DA3-B333-4D214725D59F}.Debug|x86.Build.0 = Debug|Win32
		{35EF6F31-C53E-4DA3-B333-4D214725D59F}.Development|x64.ActiveCfg = Debug|x64
		{35EF6F31-C53E-4DA3-B333-4D214725D59F}.Development|x64.Build.0 = Debug|x64
		{35EF6F31-C53E-4DA3-B333-4D214725D59F}.Development|x86.ActiveCfg = Debug|Win32
		{35EF6F31-C53E-4DA3-B333-4D214725D59F}.Development|x86.Build.0 = Debug|Win32
		{35EF6F31-C53E-4DA3-B333-4D214725D59F}.Release|x64.ActiveCfg = Release|x64
		{35EF6F31-C53E-4DA3-B333-4D214725D59F}.Release|x64.Build.0 = Release|x64
		{35EF6F31-C53E-4DA3-B333-4D214725D59F}.Release|x86.ActiveCfg = Release|Win32
		{35EF6F31-C53E-4DA3-B333-4D214725D59F}.Release|x86.Build.0 = Release|Win32
		{FBCD8B8A-F6C4-4581-ABBA-531801758797}.Debug|x64.ActiveCfg = Debug|x64
		{FBCD8B8A-F6C4-4581-ABBA-531801758797}.Debug|x64.Build.0 = Debug|x64
		{FBCD8B8A-F6C4-4581-ABBA-531801758797}.Debug|x86.ActiveCfg = Debug|Win32
		{FBCD8B8A-F6C4-4581-ABBA-531801758797}.Debug|x86.Build.0 = Debug|Win32
		{FBCD8B8A-F6C4-4581-ABBA-531801758797}.Development|x64.ActiveCfg = Debug|x64
		{FBCD8B8A-F6C4-4581-ABBA-531801758797}.Development|x64.Build.0 = Debug|x64
		{FBCD8B8A-F6C4-4581-ABBA-531801758797}.Development|x86.ActiveCfg = Debug|Win32
		{FBCD8B8A-F6C4-4581-ABBA-531801758797}.Development|x86.Build.0 = Debug|Win32
		{FBCD8B8A-F6C4-4581-ABBA-531801758797}.Release|x64.ActiveCfg = Release|x64
		{FBCD8B8A-F6C4-4581-ABBA-531801758797}.Release|x64.Build.0 = Release|x64
		{FBCD8B8A-F6C4-4581-ABBA-531801758797}.Release|x86.ActiveCfg = Release|Win32
		{FBCD8B8A-F6C4-4581-ABBA-531801758797}.Release|x86.Build.0 = Release|Win32
		{69127AA7-CAC6-442D-981D-72DBE717A93A}.Debug|x64.ActiveCfg = Debug|x64
		{69127AA7-CAC6-442D-981D-72DBE717A93A}.Debug|x64.Build.0 = Debug|x64
		{69127AA7-CAC6-442D-981D-72DBE717A93A}.Debug|x86.ActiveCfg = Debug|Win32
		{69127AA7-CAC6-442D-981D-72DBE717A93A}.Debug|x86.Build.0 = Debug|Win32
		{69127AA7-CAC6-442D-981D-72DBE717A93A}.Development|x64.ActiveCfg = Debug|x64
		{69127AA7-CAC6-442D-981D-72DBE717A93A}.Development|x64.Build.0 = Debug|x64
		{69127AA7-CAC6-442D-981D-72DBE717A93A}.Development|x86.ActiveCfg = Debug|Win32
		{69127AA7-CAC6-442D-981D-72DBE717A93A}.Development|x86.Build.0 = Debug|Win32
		{69127AA7-CAC6-442D-981D-72DBE717A93A}.Release|x64.ActiveCfg = Release|x64
		{69127AA7-CAC6-442D-981D-72DBE717A93A}.Release|x64.Build.0 = Release|x64
		{69127AA7-CAC6-442D-981D-72DBE717A93A}.Release|x86.ActiveCfg = Release|Win32
		{69127AA7-CAC6-442D-981D-72DBE717A93A}.Release|x86.Build.0 = Release|Win32
		{5A107CCC-9195-4C93-AD04-E30B6C88D356}.Debug|x64.ActiveCfg = Debug|x64
		{5A107CCC-9195-4C93-AD04-E30B6C88D356}.Debug|x64.Build.0 = Debug|x64
		{5A107CCC-9195-4C93-AD04-E30B6C88D356}.Debug|x86.ActiveCfg = Debug|Win32
		{5A107CCC-9195-4C93-AD04-E30B6C88D356}.Debug|x86.Build.0 = Debug|Win32
		{5A107CCC-9195-4C93-AD04-E30B6C88D356}.Development|x64.ActiveCfg = Debug|x64
		{5A107CCC-9195-4C93-AD04-E30B6C88D356}.Development|x64.Build.0 = Debug|x64
		{5A107CCC-9195-4C93-AD04-E30B6C88D356}.Development|x86.ActiveCfg = Debug|Win32
		{5A107CCC-9195-4C93-AD04-E30B6C88D356}.Development|x86.Build.0 = Debug|Win32
		{5A107CCC-9195-4C93-AD04-E30B6C88D356}.Release|x64.ActiveCfg = Release|x64
		{5A107CCC-9195-4C93-AD04-E30B6C88D356}.Release|x64.Build.0 = Release|x64
		{5A107CCC-9195-4C93-AD04-E30B6C88D356}.Release|x86.ActiveCfg = Release|Win32
		{5A107CCC-9195-4C93-AD04-E30B6C88D356}.Release|x86.Build.0 = Release|Win32
		{09A6E7DC-802A-4A95-833B-12D0BA0CA977}.Debug|x64.ActiveCfg = Debug|x64
		{09A6E7DC-802A-4A95-833B-12D0BA0CA977}.Debug|x64.Build.0 = Debug|x64
		{09A6E7DC-802A-4A95-833B-12D0BA0CA977}.Debug|x86.ActiveCfg = Debug|Win32
		{09A6E7DC-802A-4A95-833B-12D0BA0CA977}.Debug|x86.Build.0 = Debug|Win32
		{09A6E7DC-802A-4A95-833B-12D0BA0CA977}.Development|x64.ActiveCfg = Debug|x64
		{09A6E7DC-802A-4A95-833B-12D0BA0CA977}.Development|x64.Build.0 = Debug|x64
		{09A6E7DC-802A-4A95-833B-12D0BA0CA977}.Development|x86.ActiveCfg = Debug|Win32
		{09A6E7DC-802A-4A95-833B-12D0BA0CA977}.Development|x86.Build.0 = Debug|Win32
		{09A6E7DC-802A-4A95-833B-12D0BA0CA977}.Release|x64.ActiveCfg = Release|x64
		{09A6E7DC-802A-4A95-833B-12D0BA0CA977}.Release|x64.Build.0 = Release|x64
		{09A6E7DC-802A-4A95-833B-12D0BA0CA977}.Release|x86.ActiveCfg = Release|Win32
		{09A6E7DC-802A-4A95-833B-12D0BA0CA977}.Release|x86.Build.0 = Release|Win32
		{46742F15-6FA1-4B8F-A25B-E3A2C969DF51}.Debug|x64.ActiveCfg = Debug|x64
		{46742F15-6FA1-4B8F-A25B-E3A2C969DF51}.Debug|x86.ActiveCfg = Debug|Win32
		{46742F15-6FA1-4B8F-A25B-E3A2C969DF51}.Development|x64.ActiveCfg = Debug|x64
		{46742F15-6FA1-4B8F-A25B-E3A2C969DF51}.Development|x64.Build.0 = Debug|x64
		{46742F15-6FA1-4B8F-A25B-E3A2C969DF51}.Development|x86.ActiveCfg = Debug|Win32
		{46742F15-6FA1-4B8F-A25B-E3A2C969DF51}.Development|x86.Build.0 = Debug|Win32
		{46742F15-6FA1-4B8F-A25B-E3A2C969DF51}.Release|x64.ActiveCfg = Release|x64
		{46742F15-6FA1-4B8F-A25B-E3A2C969DF51}.Release|x86.ActiveCfg = Release|Win32
		{FE6E4805-E3C0-47B6-B7FB-D1DCD1FAB24E}.Debug|x64.ActiveCfg = Debug|x64
		{FE6E4805-E3C0-47B6-B7FB-D1DCD1FAB24E}.Debug|x64.Build.0 = Debug|x64
		{FE6E4805-E3C0-47B6-B7FB-D1DCD1FAB24E}.Debug|x86.ActiveCfg = Debug|Win32
		{FE6E4805-E3C0-47B6-B7FB-D1DCD1FAB24E}.Debug|x86.Build.0 = Debug|Win32
		{FE6E4805-E3C0-47B6-B7FB-D1DCD1FAB24E}.Development|x64.ActiveCfg = Debug|x64
		{FE6E4805-E3C0-47B6-B7FB-D1DCD1FAB24E}.Development|x64.Build.0 = Debug|x64
		{FE6E4805-E3C0-47B6-B7FB-D1DCD1FAB24E}.Development|x86.ActiveCfg = Debug|Win32
		{FE6E4805-E3C0-47B6-B7FB-D1DCD1FAB24E}.Development|x86.Build.0 = Debug|Win32
		{FE6E4805-E3C0-47B6-B7FB-D1DCD1FAB24E}.Release|x64.ActiveCfg = Release|x64
		{FE6E4805-E3C0-47B6-B7FB-D1DCD1FAB24E}.Release|x64.Build.0 = Release|x64
		{FE6E4805-E3C0-47B6-B7FB-D1DCD1FAB24E}.Release|x86.ActiveCfg = Release|Win32
		{FE6E4805-E3C0-47B6-B7FB-D1DCD1FAB24E}.Release|x86.Build.0 = Release|Win32
		{0EC75FEF-16B5-4DB5-AD4F-A41F6927CEFC}.Debug|x64.ActiveCfg = Debug|x64
		{0EC75FEF-16B5-4DB5-AD4F-A41F6927CEFC}.Debug|x64.Build.0 = Debug|x64
		{0EC75FEF-16B5-4DB5-AD4F-A41F6927CEFC}.Debug|x86.ActiveCfg = Debug|Win32
		{0EC75FEF-16B5-4DB5-AD4F-A41F6927CEFC}.Debug|x86.Build.0 = Debug|Win32
		{0EC75FEF-16B5-4DB5-AD4F-A41F6927CEFC}.Development|x64.ActiveCfg = Debug|x64
		{0EC75FEF-16B5-4DB5-AD4F-A41F6927CEFC}.Development|x64.Build.0 = Debug|x64
		{0EC75FEF-16B5-4DB5-AD4F-A41F6927CEFC}.Development|x86.ActiveCfg = Debug|Win32
		{0EC75FEF-16B5-4DB5-AD4F-A41F6927CEFC}.Development|x86.Build.0 = Debug|Win32
		{0EC75FEF-16B5-4DB5-AD4F-A41F6927CEFC}.Release|x64.ActiveCfg = Release|x64
		{0EC75FEF-16B5-4DB5-AD4F-A41F6927CEFC}.Release|x64.Build.0 = Release|x64
		{0EC75FEF-16B5-4DB5-AD4F-A41F6927CEFC}.Release|x86.ActiveCfg = Release|Win32
		{0EC75FEF-16B5-4DB5-AD4F-A41F6927CEFC}.Release|x86.Build.0 = Release|Win32
		{36F8142B-6234-497F-97DA-D1218F5270C6}.Debug|x64.ActiveCfg = Debug|x64
		{36F8142B-6234-497F-97DA-D1218F5270C6}.Debug|x64.Build.0 = Debug|x64
		{36F8142B-6234-497F-97DA-D1218F5270C6}.Debug|x86.ActiveCfg = Debug|Win32
		{36F8142B-6234-497F-97DA-D1218F5270C6}.Debug|x86.Build.0 = Debug|Win32
		{36F8142B-6234-497F-97DA-D1218F5270C6}.Development|x64.ActiveCfg = Debug|x64
		{36F8142B-6234-497F-97DA-D1218F5270C6}.Development|x64.Build.0 = Debug|x64
		{36F8142B-6234-497F-97DA-D1218F5270C6}.Development|x86.ActiveCfg = Debug|Win32
		{36F8142B-6234-497F-97DA-D1218F5270C6}.Development|x86.Build.0 = Debug|Win32
		{36F8142B-6234-497F-97DA-D1218F5270C6}.Release|x64.ActiveCfg = Release|x64
		{36F8142B-6234-497F-97DA-D1218F5270C6}.Release|x64.Build.0 = Release|x64
		{36F8142B-6234-497F-97DA-D1218F5270C6}.Release|x86.ActiveCfg = Release|Win32
		{36F8142B-6234-497F-97DA-D1218F5270C6}.Release|x86.Build.0 = Release|Win32
		{2C413BB7-38AC-4040-AB2F-210BBF9FBFB4}.Debug|x64.ActiveCfg = Debug|x64
		{2C413BB7-38AC-4040-AB2F-210BBF9FBFB4}.Debug|x64.Build.0 = Debug|x64
		{2C413BB7-38AC-4040-AB2F-210BBF9FBFB4}.Debug|x86.ActiveCfg = Debug|Win32
		{2C413BB7-38AC-4040-AB2F-210BBF9FBFB4}.Debug|x86.Build.0 = Debug|Win32
		{2C413BB7-38AC-4040-AB2F-210BBF9FBFB4}.Development|x64.ActiveCfg = Debug|x64
		{2C413BB7-38AC-4040-AB2F-210BBF9FBFB4}.Development|x64.Build.0 = Debug|x64
		{2C413BB7-38AC-4040-AB2F-210BBF9FBFB4}.Development|x86.ActiveCfg = Debug|Win32
		{2C413BB7-38AC-4040-AB2F-210BBF9FBFB4}.Development|x86.Build.0 = Debug|Win32
		{2C413BB7-38AC-4040-AB2F-210BBF9FBFB4}.Release|x64.ActiveCfg = Release|x64
		{2C413BB7-38AC-4040-AB2F-210BBF9FBFB4}.Release|x64.Build.0 = Release|x64
		{2C413BB7-38AC-4040-AB2F-210BBF9FBFB4}.Release|x86.ActiveCfg = Release|Win32
		{2C413BB7-38AC-4040-AB2F-210BBF9FBFB4}.Release|x86.Build.0 = Release|Win32
		{7525268B-290E-48D4-A1BA-281BB06ECE39}.Debug|x64.ActiveCfg = Debug|x64
		{7525268B-290E-48D4-A1BA-281BB06ECE39}.Debug|x64.Build.0 = Debug|x64
		{7525268B-290E-48D4-A1BA-281BB06ECE39}.Debug|x86.ActiveCfg = Debug|Win32
		{7525268B-290E-48D4-A1BA-281BB06ECE39}.Debug|x86.Build.0 = Debug|Win32
		{7525268B-290E-48D4-A1BA-281BB06ECE39}.Development|x64.ActiveCfg = Debug|x64
		{7525268B-290E-48D4-A1BA-281BB06ECE39}.Development|x64.Build.0 = Debug|x64
		{7525268B-290E-48D4-A1BA-281BB06ECE39}.Development|x86.ActiveCfg = Debug|Win32
		{7525268B-290E-48D4-A1BA-281BB06ECE39}.Development|x86.Build.0 = Debug|Win32
		{7525268B-290E-48D4-A1BA-281BB06ECE39}.Release|x64.ActiveCfg = Release|x64
		{7525268B-290E-48D4-A1BA-281BB06ECE39}.Release|x64.Build.0 = Release|x64
		{7525268B-290E-48D4-A1BA-281BB06ECE39}.Release|x86.ActiveCfg = Release|Win32
		{7525268B-290E-48D4-A1BA-281BB06ECE39}.Release|x86.Build.0 = Release|Win32
		{C5C925E7-EA36-470A-9DC8-69574F56946B}.Debug|x64.ActiveCfg = Debug|x64
		{C5C925E7-EA36-470A-9DC8-69574F56946B}.Debug|x64.Build.0 = Debug|x64
		{C5C925E7-EA36-470A-9DC8-69574F56946B}.Debug|x86.ActiveCfg = Debug|Win32
		{C5C925E7-EA36-470A-9DC8-69574F56946B}.Debug|x86.Build.0 = Debug|Win32
		{C5C925E7-EA36-470A-9DC8-69574F56946B}.Development|x64.ActiveCfg = Debug|x64
		{C5C925E7-EA36-470A-9DC8-69574F56946B}.Development|x64.Build.0 = Debug|x64
		{C5C925E7-EA36-470A-9DC8-69574F56946B}.Development|x86.ActiveCfg = Debug|Win32
		{C5C925E7-EA36-470A-9DC8-69574F56946B}.Development|x86.Build.0 = Debug|Win32
		{C5C925E7-EA36-470A-9DC8-69574F56946B}.Release|x64.ActiveCfg = Release|x64
		{C5C925E7-EA36-470A-9DC8-69574F56946B}.Release|x64.Build.0 = Release|x64
		{C5C925E7-EA36-470A-9DC8-69574F56946B}.Release|x86.ActiveCfg = Release|Win32
		{C5C925E7-EA36-470A-9DC8-69574F56946B}.Release|x86.Build.0 = Release|Win32
		{7D4406B1-47D7-4BD6-8B1A-62AF1C77C965}.Debug|x64.ActiveCfg = Debug|Any CPU
		{7D4406B1-47D7-4BD6-8B1A-62AF1C77C965}.Debug|x64.Build.0 = Debug|Any CPU
		{7D4406B1-47D7-4BD6-8B1A-62AF1C77C965}.Debug|x86.ActiveCfg = Debug|Any CPU
		{7D4406B1-47D7-4BD6-8B1A-62AF1C77C965}.Debug|x86.Build.0 = Debug|Any CPU
		{7D4406B1-47D7-4BD6-8B1A-62AF1C77C965}.Development|x64.ActiveCfg = Debug|Any CPU
		{7D4406B1-47D7-4BD6-8B1A-62AF1C77C965}.Development|x86.ActiveCfg = Debug|Any CPU
		{7D4406B1-47D7-4BD6-8B1A-62AF1C77C965}.Release|x64.ActiveCfg = Release|Any CPU
		{7D4406B1-47D7-4BD6-8B1A-62AF1C77C965}.Release|x64.Build.0 = Release|Any CPU
		{7D4406B1-47D7-4BD6-8B1A-62AF1C77C965}.Release|x86.ActiveCfg = Release|Any CPU
		{7D4406B1-47D7-4BD6-8B1A-62AF1C77C965}.Release|x86.Build.0 = Release|Any CPU
		{3F593E5A-5612-4811-8921-BA4B52542DE8}.Debug|x64.ActiveCfg = Debug|Any CPU
		{3F593E5A-5612-4811-8921-BA4B52542DE8}.Debug|x64.Build.0 = Debug|Any CPU
		{3F593E5A-5612-4811-8921-BA4B52542DE8}.Debug|x86.ActiveCfg = Debug|Any CPU
		{3F593E5A-5612-4811-8921-BA4B52542DE8}.Debug|x86.Build.0 = Debug|Any CPU
		{3F593E5A-5612-4811-8921-BA4B52542DE8}.Development|x64.ActiveCfg = Debug|Any CPU
		{3F593E5A-5612-4811-8921-BA4B52542DE8}.Development|x86.ActiveCfg = Debug|Any CPU
		{3F593E5A-5612-4811-8921-BA4B52542DE8}.Release|x64.ActiveCfg = Release|Any CPU
		{3F593E5A-5612-4811-8921-BA4B52542DE8}.Release|x64.Build.0 = Release|Any CPU
		{3F593E5A-5612-4811-8921-BA4B52542DE8}.Release|x86.ActiveCfg = Release|Any CPU
		{3F593E5A-5612-4811-8921-BA4B52542DE8}.Release|x86.Build.0 = Release|Any CPU
		{C83AAAB7-C52E-4457-AA88-2C5AB3A8A7B7}.Debug|x64.ActiveCfg = Debug|x64
		{C83AAAB7-C52E-4457-AA88-2C5AB3A8A7B7}.Debug|x64.Build.0 = Debug|x64
		{C83AAAB7-C52E-4457-AA88-2C5AB3A8A7B7}.Debug|x86.ActiveCfg = Debug|Win32
		{C83AAAB7-C52E-4457-AA88-2C5AB3A8A7B7}.Debug|x86.Build.0 = Debug|Win32
		{C83AAAB7-C52E-4457-AA88-2C5AB3A8A7B7}.Development|x64.ActiveCfg = Debug|x64
		{C83AAAB7-C52E-4457-AA88-2C5AB3A8A7B7}.Development|x64.Build.0 = Debug|x64
		{C83AAAB7-C52E-4457-AA88-2C5AB3A8A7B7}.Development|x86.ActiveCfg = Debug|Win32
		{C83AAAB7-C52E-4457-AA88-2C5AB3A8A7B7}.Development|x86.Build.0 = Debug|Win32
		{C83AAAB7-C52E-4457-AA88-2C5AB3A8A7B7}.Release|x64.ActiveCfg = Release|x64
		{C83AAAB7-C52E-4457-AA88-2C5AB3A8A7B7}.Release|x64.Build.0 = Release|x64
		{C83AAAB7-C52E-4457-AA88-2C5AB3A8A7B7}.Release|x86.ActiveCfg = Release|Win32
		{C83AAAB7-C52E-4457-AA88-2C5AB3A8A7B7}.Release|x86.Build.0 = Release|Win32
		{F4EBEEA8-F4FD-42BC-85FD-611DD96FC56A}.Debug|x64.ActiveCfg = Debug|x64
		{F4EBEEA8-F4FD-42BC-85FD-611DD96FC56A}.Debug|x64.Build.0 = Debug|x64
		{F4EBEEA8-F4FD-42BC-85FD-611DD96FC56A}.Debug|x86.ActiveCfg = Debug|Win32
		{F4EBEEA8-F4FD-42BC-85FD-611DD96FC56A}.Debug|x86.Build.0 = Debug|Win32
		{F4EBEEA8-F4FD-42BC-85FD-611DD96FC56A}.Development|x64.ActiveCfg = Debug|x64
		{F4EBEEA8-F4FD-42BC-85FD-611DD96FC56A}.Development|x64.Build.0 = Debug|x64
		{F4EBEEA8-F4FD-42BC-85FD-611DD96FC56A}.Development|x86.ActiveCfg = Debug|Win32
		{F4EBEEA8-F4FD-42BC-85FD-611DD96FC56A}.Development|x86.Build.0 = Debug|Win32
		{F4EBEEA8-F4FD-42BC-85FD-611DD96FC56A}.Release|x64.ActiveCfg = Release|x64
		{F4EBEEA8-F4FD-42BC-85FD-611DD96FC56A}.Release|x64.Build.0 = Release|x64
		{F4EBEEA8-F4FD-42BC-85FD-611DD96FC56A}.Release|x86.ActiveCfg = Release|Win32
		{F4EBEEA8-F4FD-42BC-85FD-611DD96FC56A}.Release|x86.Build.0 = Release|Win32
		{953FF41F-B087-4C59-9848-440AE894A142}.Debug|x64.ActiveCfg = Debug|Any CPU
		{953FF41F-B087-4C59-9848-440AE894A142}.Debug|x64.Build.0 = Debug|Any CPU
		{953FF41F-B087-4C59-9848-440AE894A142}.Debug|x86.ActiveCfg = Debug|Any CPU
		{953FF41F-B087-4C59-9848-440AE894A142}.Debug|x86.Build.0 = Debug|Any CPU
		{953FF41F-B087-4C59-9848-440AE894A142}.Development|x64.ActiveCfg = Debug|Any CPU
		{953FF41F-B087-4C59-9848-440AE894A142}.Development|x86.ActiveCfg = Debug|Any CPU
		{953FF41F-B087-4C59-9848-440AE894A142}.Release|x64.ActiveCfg = Release|Any CPU
		{953FF41F-B087-4C59-9848-440AE894A142}.Release|x64.Build.0 = Release|Any CPU
		{953FF41F-B087-4C59-9848-440AE894A142}.Release|x86.ActiveCfg = Release|Any CPU
		{953FF41F-B087-4C59-9848-440AE894A142}.Release|x86.Build.0 = Release|Any CPU
		{4B146253-0394-457A-B512-2A6869581C7F}.Debug|x64.ActiveCfg = Debug|Any CPU
		{4B146253-0394-457A-B512-2A6869581C7F}.Debug|x64.Build.0 = Debug|Any CPU
		{4B146253-0394-457A-B512-2A6869581C7F}.Debug|x86.ActiveCfg = Debug|Any CPU
		{4B146253-0394-457A-B512-2A6869581C7F}.Debug|x86.Build.0 = Debug|Any CPU
		{4B146253-0394-457A-B512-2A6869581C7F}.Development|x64.ActiveCfg = Debug|Any CPU
		{4B146253-0394-457A-B512-2A6869581C7F}.Development|x86.ActiveCfg = Debug|Any CPU
		{4B146253-0394-457A-B512-2A6869581C7F}.Release|x64.ActiveCfg = Release|Any CPU
		{4B146253-0394-457A-B512-2A6869581C7F}.Release|x64.Build.0 = Release|Any CPU
		{4B146253-0394-457A-B512-2A6869581C7F}.Release|x86.ActiveCfg = Release|Any CPU
		{4B146253-0394-457A-B512-2A6869581C7F}.Release|x86.Build.0 = Release|Any CPU
		{D62B3A3E-42AA-4B56-A8BF-E1F1BC9B3C7D}.Debug|x64.ActiveCfg = Debug|Any CPU
		{D62B3A3E-42AA-4B56-A8BF-E1F1BC9B3C7D}.Debug|x64.Build.0 = Debug|Any CPU
		{D62B3A3E-42AA-4B56-A8BF-E1F1BC9B3C7D}.Debug|x86.ActiveCfg = Debug|Any CPU
		{D62B3A3E-42AA-4B56-A8BF-E1F1BC9B3C7D}.Debug|x86.Build.0 = Debug|Any CPU
		{D62B3A3E-42AA-4B56-A8BF-E1F1BC9B3C7D}.Development|x64.ActiveCfg = Debug|Any CPU
		{D62B3A3E-42AA-4B56-A8BF-E1F1BC9B3C7D}.Development|x86.ActiveCfg = Debug|Any CPU
		{D62B3A3E-42AA-4B56-A8BF-E1F1BC9B3C7D}.Release|x64.ActiveCfg = Release|Any CPU
		{D62B3A3E-42AA-4B56-A8BF-E1F1BC9B3C7D}.Release|x64.Build.0 = Release|Any CPU
		{D62B3A3E-42AA-4B56-A8BF-E1F1BC9B3C7D}.Release|x86.ActiveCfg = Release|Any CPU
		{D62B3A3E-42AA-4B56-A8BF-E1F1BC9B3C7D}.Release|x86.Build.0 = Release|Any CPU
		{8CB9B823-10C5-4FC5-A589-993852A9566D}.Debug|x64.ActiveCfg = Debug|Any CPU
		{8CB9B823-10C5-4FC5-A589-993852A9566D}.Debug|x64.Build.0 = Debug|Any CPU
		{8CB9B823-10C5-4FC5-A589-993852A9566D}.Debug|x86.ActiveCfg = Debug|Any CPU
		{8CB9B823-10C5-4FC5-A589-993852A9566D}.Debug|x86.Build.0 = Debug|Any CPU
		{8CB9B823-10C5-4FC5-A589-993852A9566D}.Development|x64.ActiveCfg = Debug|Any CPU
		{8CB9B823-10C5-4FC5-A589-993852A9566D}.Development|x86.ActiveCfg = Debug|Any CPU
		{8CB9B823-10C5-4FC5-A589-993852A9566D}.Release|x64.ActiveCfg = Release|Any CPU
		{8CB9B823-10C5-4FC5-A589-993852A9566D}.Release|x64.Build.0 = Release|Any CPU
		{8CB9B823-10C5-4FC5-A589-993852A9566D}.Release|x86.ActiveCfg = Release|Any CPU
		{8CB9B823-10C5-4FC5-A589-993852A9566D}.Release|x86.Build.0 = Release|Any CPU
		{22EFB48B-F29A-4772-9259-F79E93956DF8}.Debug|x64.ActiveCfg = Debug|Any CPU
		{22EFB48B-F29A-4772-9259-F79E93956DF8}.Debug|x64.Build.0 = Debug|Any CPU
		{22EFB48B-F29A-4772-9259-F79E93956DF8}.Debug|x86.ActiveCfg = Debug|Any CPU
		{22EFB48B-F29A-4772-9259-F79E93956DF8}.Debug|x86.Build.0 = Debug|Any CPU
		{22EFB48B-F29A-4772-9259-F79E93956DF8}.Development|x64.ActiveCfg = Debug|Any CPU
		{22EFB48B-F29A-4772-9259-F79E93956DF8}.Development|x86.ActiveCfg = Debug|Any CPU
		{22EFB48B-F29A-4772-9259-F79E93956DF8}.Release|x64.ActiveCfg = Release|Any CPU
		{22EFB48B-F29A-4772-9259-F79E93956DF8}.Release|x64.Build.0 = Release|Any CPU
		{22EFB48B-F29A-4772-9259-F79E93956DF8}.Release|x86.ActiveCfg = Release|Any CPU
		{22EFB48B-F29A-4772-9259-F79E93956DF8}.Release|x86.Build.0 = Release|Any CPU
		{13437AD1-D5C8-47FC-A68A-71BCCF2A7A86}.Debug|x64.ActiveCfg = Debug|Any CPU
		{13437AD1-D5C8-47FC-A68A-71BCCF2A7A86}.Debug|x64.Build.0 = Debug|Any CPU
		{13437AD1-D5C8-47FC-A68A-71BCCF2A7A86}.Debug|x86.ActiveCfg = Debug|Any CPU
		{13437AD1-D5C8-47FC-A68A-71BCCF2A7A86}.Debug|x86.Build.0 = Debug|Any CPU
		{13437AD1-D5C8-47FC-A68A-71BCCF2A7A86}.Development|x64.ActiveCfg = Debug|Any CPU
		{13437AD1-D5C8-47FC-A68A-71BCCF2A7A86}.Development|x86.ActiveCfg = Debug|Any CPU
		{13437AD1-D5C8-47FC-A68A-71BCCF2A7A86}.Release|x64.ActiveCfg = Release|Any CPU
		{13437AD1-D5C8-47FC-A68A-71BCCF2A7A86}.Release|x64.Build.0 = Release|Any CPU
		{13437AD1-D5C8-47FC-A68A-71BCCF2A7A86}.Release|x86.ActiveCfg = Release|Any CPU
		{13437AD1-D5C8-47FC-A68A-71BCCF2A7A86}.Release|x86.Build.0 = Release|Any CPU
		{8EE9523B-1AA6-4F22-BBFE-5AD229708349}.Debug|x64.ActiveCfg = Debug|x64
		{8EE9523B-1AA6-4F22-BBFE-5AD229708349}.Debug|x64.Build.0 = Debug|x64
		{8EE9523B-1AA6-4F22-BBFE-5AD229708349}.Debug|x86.ActiveCfg = Debug|Win32
		{8EE9523B-1AA6-4F22-BBFE-5AD229708349}.Debug|x86.Build.0 = Debug|Win32
		{8EE9523B-1AA6-4F22-BBFE-5AD229708349}.Development|x64.ActiveCfg = Debug|x64
		{8EE9523B-1AA6-4F22-BBFE-5AD229708349}.Development|x64.Build.0 = Debug|x64
		{8EE9523B-1AA6-4F22-BBFE-5AD229708349}.Development|x86.ActiveCfg = Debug|Win32
		{8EE9523B-1AA6-4F22-BBFE-5AD229708349}.Development|x86.Build.0 = Debug|Win32
		{8EE9523B-1AA6-4F22-BBFE-5AD229708349}.Release|x64.ActiveCfg = Release|x64
		{8EE9523B-1AA6-4F22-BBFE-5AD229708349}.Release|x64.Build.0 = Release|x64
		{8EE9523B-1AA6-4F22-BBFE-5AD229708349}.Release|x86.ActiveCfg = Release|Win32
		{8EE9523B-1AA6-4F22-BBFE-5AD229708349}.Release|x86.Build.0 = Release|Win32
		{5B5EE986-B6A8-4D82-8C46-F4DF6428C7B8}.Debug|x64.ActiveCfg = Debug|Any CPU
		{5B5EE986-B6A8-4D82-8C46-F4DF6428C7B8}.Debug|x64.Build.0 = Debug|Any CPU
		{5B5EE986-B6A8-4D82-8C46-F4DF6428C7B8}.Debug|x86.ActiveCfg = Debug|Any CPU
		{5B5EE986-B6A8-4D82-8C46-F4DF6428C7B8}.Debug|x86.Build.0 = Debug|Any CPU
		{5B5EE986-B6A8-4D82-8C46-F4DF6428C7B8}.Development|x64.ActiveCfg = Debug|Any CPU
		{5B5EE986-B6A8-4D82-8C46-F4DF6428C7B8}.Development|x86.ActiveCfg = Debug|Any CPU
		{5B5EE986-B6A8-4D82-8C46-F4DF6428C7B8}.Release|x64.ActiveCfg = Release|Any CPU
		{5B5EE986-B6A8-4D82-8C46-F4DF6428C7B8}.Release|x64.Build.0 = Release|Any CPU
		{5B5EE986-B6A8-4D82-8C46-F4DF6428C7B8}.Release|x86.ActiveCfg = Release|Any CPU
		{5B5EE986-B6A8-4D82-8C46-F4DF6428C7B8}.Release|x86.Build.0 = Release|Any CPU
		{0AF6EB54-381C-4DDD-8E71-EE90775F57B7}.Debug|x64.ActiveCfg = Debug|Any CPU
		{0AF6EB54-381C-4DDD-8E71-EE90775F57B7}.Debug|x64.Build.0 = Debug|Any CPU
		{0AF6EB54-381C-4DDD-8E71-EE90775F57B7}.Debug|x86.ActiveCfg = Debug|Any CPU
		{0AF6EB54-381C-4DDD-8E71-EE90775F57B7}.Debug|x86.Build.0 = Debug|Any CPU
		{0AF6EB54-381C-4DDD-8E71-EE90775F57B7}.Development|x64.ActiveCfg = Debug|Any CPU
		{0AF6EB54-381C-4DDD-8E71-EE90775F57B7}.Development|x86.ActiveCfg = Debug|Any CPU
		{0AF6EB54-381C-4DDD-8E71-EE90775F57B7}.Release|x64.ActiveCfg = Release|Any CPU
		{0AF6EB54-381C-4DDD-8E71-EE90775F57B7}.Release|x86.ActiveCfg = Release|Any CPU
		{11CCDD6D-2B9F-49DF-BB6A-5718429CDF94}.Debug|x64.ActiveCfg = Debug|Any CPU
		{11CCDD6D-2B9F-49DF-BB6A-5718429CDF94}.Debug|x64.Build.0 = Debug|Any CPU
		{11CCDD6D-2B9F-49DF-BB6A-5718429CDF94}.Debug|x86.ActiveCfg = Debug|Any CPU
		{11CCDD6D-2B9F-49DF-BB6A-5718429CDF94}.Debug|x86.Build.0 = Debug|Any CPU
		{11CCDD6D-2B9F-49DF-BB6A-5718429CDF94}.Development|x64.ActiveCfg = Debug|Any CPU
		{11CCDD6D-2B9F-49DF-BB6A-5718429CDF94}.Development|x86.ActiveCfg = Debug|Any CPU
		{11CCDD6D-2B9F-49DF-BB6A-5718429CDF94}.Release|x64.ActiveCfg = Release|Any CPU
		{11CCDD6D-2B9F-49DF-BB6A-5718429CDF94}.Release|x86.ActiveCfg = Release|Any CPU
		{98181B66-F7F8-4FA4-AC54-246DAB93B2D9}.Debug|x64.ActiveCfg = Debug|Any CPU
		{98181B66-F7F8-4FA4-AC54-246DAB93B2D9}.Debug|x64.Build.0 = Debug|Any CPU
		{98181B66-F7F8-4FA4-AC54-246DAB93B2D9}.Debug|x86.ActiveCfg = Debug|Any CPU
		{98181B66-F7F8-4FA4-AC54-246DAB93B2D9}.Debug|x86.Build.0 = Debug|Any CPU
		{98181B66-F7F8-4FA4-AC54-246DAB93B2D9}.Development|x64.ActiveCfg = Debug|Any CPU
		{98181B66-F7F8-4FA4-AC54-246DAB93B2D9}.Development|x86.ActiveCfg = Debug|Any CPU
		{98181B66-F7F8-4FA4-AC54-246DAB93B2D9}.Release|x64.ActiveCfg = Release|Any CPU
		{98181B66-F7F8-4FA4-AC54-246DAB93B2D9}.Release|x86.ActiveCfg = Release|Any CPU
		{C9C4D971-8620-495A-9C81-3B7946F77A4D}.Debug|x64.ActiveCfg = Development
		{C9C4D971-8620-495A-9C81-3B7946F77A4D}.Debug|x64.Build.0 = Development
		{C9C4D971-8620-495A-9C81-3B7946F77A4D}.Debug|x86.ActiveCfg = Development
		{C9C4D971-8620-495A-9C81-3B7946F77A4D}.Debug|x86.Build.0 = Development
		{C9C4D971-8620-495A-9C81-3B7946F77A4D}.Development|x64.ActiveCfg = Development
		{C9C4D971-8620-495A-9C81-3B7946F77A4D}.Development|x64.Build.0 = Development
		{C9C4D971-8620-495A-9C81-3B7946F77A4D}.Development|x64.Deploy.0 = Development
		{C9C4D971-8620-495A-9C81-3B7946F77A4D}.Development|x86.ActiveCfg = Development
		{C9C4D971-8620-495A-9C81-3B7946F77A4D}.Development|x86.Build.0 = Development
		{C9C4D971-8620-495A-9C81-3B7946F77A4D}.Development|x86.Deploy.0 = Development
		{C9C4D971-8620-495A-9C81-3B7946F77A4D}.Release|x64.ActiveCfg = Development
		{C9C4D971-8620-495A-9C81-3B7946F77A4D}.Release|x64.Build.0 = Development
		{C9C4D971-8620-495A-9C81-3B7946F77A4D}.Release|x64.Deploy.0 = Development
		{C9C4D971-8620-495A-9C81-3B7946F77A4D}.Release|x86.ActiveCfg = Development
		{C9C4D971-8620-495A-9C81-3B7946F77A4D}.Release|x86.Build.0 = Development
		{C9C4D971-8620-495A-9C81-3B7946F77A4D}.Release|x86.Deploy.0 = Development
		{1809415A-B131-4989-A90B-E462D593D1B9}.Debug|x64.ActiveCfg = Development
		{1809415A-B131-4989-A90B-E462D593D1B9}.Debug|x64.Build.0 = Development
		{1809415A-B131-4989-A90B-E462D593D1B9}.Debug|x86.ActiveCfg = Development
		{1809415A-B131-4989-A90B-E462D593D1B9}.Debug|x86.Build.0 = Development
		{1809415A-B131-4989-A90B-E462D593D1B9}.Development|x64.ActiveCfg = Development
		{1809415A-B131-4989-A90B-E462D593D1B9}.Development|x64.Build.0 = Development
		{1809415A-B131-4989-A90B-E462D593D1B9}.Development|x64.Deploy.0 = Development
		{1809415A-B131-4989-A90B-E462D593D1B9}.Development|x86.ActiveCfg = Development
		{1809415A-B131-4989-A90B-E462D593D1B9}.Development|x86.Build.0 = Development
		{1809415A-B131-4989-A90B-E462D593D1B9}.Development|x86.Deploy.0 = Development
		{1809415A-B131-4989-A90B-E462D593D1B9}.Release|x64.ActiveCfg = Development
		{1809415A-B131-4989-A90B-E462D593D1B9}.Release|x64.Build.0 = Development
		{1809415A-B131-4989-A90B-E462D593D1B9}.Release|x64.Deploy.0 = Development
		{1809415A-B131-4989-A90B-E462D593D1B9}.Release|x86.ActiveCfg = Development
		{1809415A-B131-4989-A90B-E462D593D1B9}.Release|x86.Build.0 = Development
		{1809415A-B131-4989-A90B-E462D593D1B9}.Release|x86.Deploy.0 = Development
	EndGlobalSection
	GlobalSection(SolutionProperties) = preSolution
		HideSolutionNode = FALSE
	EndGlobalSection
	GlobalSection(NestedProjects) = preSolution
		{4F1E6D13-715A-4655-9CF7-3F180915C0E3} = {4BEE2B1D-E33D-4125-A39C-05CFC754E361}
		{290AB714-F9C2-40C6-8A35-7E22DB340949} = {4BEE2B1D-E33D-4125-A39C-05CFC754E361}
		{D97D3D85-C069-4D54-B206-98B7709F4E4B} = {4BEE2B1D-E33D-4125-A39C-05CFC754E361}
		{45E2C53A-0A53-47C8-BB33-8FAD89D86ACC} = {4BEE2B1D-E33D-4125-A39C-05CFC754E361}
		{14A9DF49-B40D-4140-9E44-683CD5E4D113} = {6AA65AB8-257B-4955-AF52-82E6EB70266B}
		{CF0A5183-0CDE-4E46-986F-04E9C022852C} = {6AA65AB8-257B-4955-AF52-82E6EB70266B}
		{B9C2B7D2-F04B-45D1-B201-6AFBFEC8D25F} = {83FF02FD-2137-44E7-A0CB-A94CC735DD92}
		{35EF6F31-C53E-4DA3-B333-4D214725D59F} = {83FF02FD-2137-44E7-A0CB-A94CC735DD92}
		{FBCD8B8A-F6C4-4581-ABBA-531801758797} = {83FF02FD-2137-44E7-A0CB-A94CC735DD92}
		{69127AA7-CAC6-442D-981D-72DBE717A93A} = {83FF02FD-2137-44E7-A0CB-A94CC735DD92}
		{5A107CCC-9195-4C93-AD04-E30B6C88D356} = {83FF02FD-2137-44E7-A0CB-A94CC735DD92}
		{09A6E7DC-802A-4A95-833B-12D0BA0CA977} = {83FF02FD-2137-44E7-A0CB-A94CC735DD92}
		{46742F15-6FA1-4B8F-A25B-E3A2C969DF51} = {83FF02FD-2137-44E7-A0CB-A94CC735DD92}
		{FE6E4805-E3C0-47B6-B7FB-D1DCD1FAB24E} = {83FF02FD-2137-44E7-A0CB-A94CC735DD92}
		{0EC75FEF-16B5-4DB5-AD4F-A41F6927CEFC} = {83FF02FD-2137-44E7-A0CB-A94CC735DD92}
		{36F8142B-6234-497F-97DA-D1218F5270C6} = {83FF02FD-2137-44E7-A0CB-A94CC735DD92}
		{2C413BB7-38AC-4040-AB2F-210BBF9FBFB4} = {83FF02FD-2137-44E7-A0CB-A94CC735DD92}
		{7525268B-290E-48D4-A1BA-281BB06ECE39} = {83FF02FD-2137-44E7-A0CB-A94CC735DD92}
		{C5C925E7-EA36-470A-9DC8-69574F56946B} = {83FF02FD-2137-44E7-A0CB-A94CC735DD92}
		{C83AAAB7-C52E-4457-AA88-2C5AB3A8A7B7} = {83FF02FD-2137-44E7-A0CB-A94CC735DD92}
		{F4EBEEA8-F4FD-42BC-85FD-611DD96FC56A} = {83FF02FD-2137-44E7-A0CB-A94CC735DD92}
		{4B146253-0394-457A-B512-2A6869581C7F} = {4BEE2B1D-E33D-4125-A39C-05CFC754E361}
		{D62B3A3E-42AA-4B56-A8BF-E1F1BC9B3C7D} = {4BEE2B1D-E33D-4125-A39C-05CFC754E361}
		{13437AD1-D5C8-47FC-A68A-71BCCF2A7A86} = {4BEE2B1D-E33D-4125-A39C-05CFC754E361}
		{8EE9523B-1AA6-4F22-BBFE-5AD229708349} = {533252E6-5A02-44FE-AF9C-9E7F0D6090DE}
		{5B5EE986-B6A8-4D82-8C46-F4DF6428C7B8} = {DD7AFC3D-8654-45B5-AE2E-1ABEB52C7CC3}
		{0AF6EB54-381C-4DDD-8E71-EE90775F57B7} = {37FA746B-F282-42F3-92A5-7AABF90408F1}
		{11CCDD6D-2B9F-49DF-BB6A-5718429CDF94} = {37FA746B-F282-42F3-92A5-7AABF90408F1}
		{98181B66-F7F8-4FA4-AC54-246DAB93B2D9} = {37FA746B-F282-42F3-92A5-7AABF90408F1}
		{C9C4D971-8620-495A-9C81-3B7946F77A4D} = {EE4A4C60-5EB9-40F1-9605-1A3E14B530C0}
		{1809415A-B131-4989-A90B-E462D593D1B9} = {EE4A4C60-5EB9-40F1-9605-1A3E14B530C0}
	EndGlobalSection
EndGlobal
